
Microsoft Visual Studio Solution File, Format Version 12.00
# Visual Studio Version 17
VisualStudioVersion = 17.5.001.0
MinimumVisualStudioVersion = 10.0.40219.1
Project("{9A19103F-16F7-4668-BE54-9A1E7A4F7556}") = "pk-loan-crud", "pk-loan-crud.csproj", "{674ECBAB-99A0-433A-9327-0A27FE484270}"
EndProject
Global
	GlobalSection(SolutionConfigurationPlatforms) = preSolution
		Debug|Any CPU = Debug|Any CPU
		Release|Any CPU = Release|Any CPU
	EndGlobalSection
	GlobalSection(ProjectConfigurationPlatforms) = postSolution
		{674ECBAB-99A0-433A-9327-0A27FE484270}.Debug|Any CPU.ActiveCfg = Debug|Any CPU
		{674ECBAB-99A0-433A-9327-0A27FE484270}.Debug|Any CPU.Build.0 = Debug|Any CPU
		{674ECBAB-99A0-433A-9327-0A27FE484270}.Release|Any CPU.ActiveCfg = Release|Any CPU
		{674ECBAB-99A0-433A-9327-0A27FE484270}.Release|Any CPU.Build.0 = Release|Any CPU
	EndGlobalSection
	GlobalSection(SolutionProperties) = preSolution
		HideSolutionNode = FALSE
	EndGlobalSection
	GlobalSection(ExtensibilityGlobals) = postSolution
		SolutionGuid = {6A0C7D5B-F94C-48FF-814E-6D130FB10D77}
	EndGlobalSection
EndGlobal
